github.com/Booboolicious/my v0.0.0-20260128230201-2d101c4e6025 h1:qpPFWM5TgqnV6zNuHeV120GYTVaBy9TSwe3V5N8ZkRo=
github.com/Booboolicious/my v0.0.0-20260128230201-2d101c4e6025/go.mod h1:uxff00Tvs+aMbL0yz6Qz5vC8MosDdTAj9XDK8HZCSO0=
github.com/gorilla/mux v1.8.1 h1:TuBL49tXwgrFYWhqrNgrUNEY92u81SPhu7sTdzQEiWY=
github.com/gorilla/mux v1.8.1/go.mod h1:AKf9I4AEqPTmMytcMc0KkNouC66V3BtZ4qD5fmWSiMQ=
